
Microsoft Visual Studio Solution File, Format Version 12.00
# Visual Studio 15
VisualStudioVersion = 15.0.28307.168
MinimumVisualStudioVersion = 10.0.40219.1
Project("{FAE04EC0-301F-11D3-BF4B-00C04F79EFBC}") = "VS_Git", "VS_Git\VS_Git.csproj", "{E746C44E-CB39-41A6-846D-4610121482E9}"
EndProject
Global
	GlobalSection(SolutionConfigurationPlatforms) = preSolution
		Debug|Any CPU = Debug|Any CPU
		Release|Any CPU = Release|Any CPU
	EndGlobalSection
	GlobalSection(ProjectConfigurationPlatforms) = postSolution
		{E746C44E-CB39-41A6-846D-4610121482E9}.Debug|Any CPU.ActiveCfg = Debug|Any CPU
		{E746C44E-CB39-41A6-846D-4610121482E9}.Debug|Any CPU.Build.0 = Debug|Any CPU
		{E746C44E-CB39-41A6-846D-4610121482E9}.Release|Any CPU.ActiveCfg = Release|Any CPU
		{E746C44E-CB39-41A6-846D-4610121482E9}.Release|Any CPU.Build.0 = Release|Any CPU
	EndGlobalSection
	GlobalSection(SolutionProperties) = preSolution
		HideSolutionNode = FALSE
	EndGlobalSection
	GlobalSection(ExtensibilityGlobals) = postSolution
		SolutionGuid = {B9939E37-7566-4C7F-B121-4E2FD3EA5329}
	EndGlobalSection
EndGlobal
